github.com/adityatelange/hugo-PaperMod v0.0.0-20250928140428-6e10faefc871 h1:CBPCk+fC36ykeMWsA4EqAhivXRQBV2SVSUuUA4MtRhc=
github.com/adityatelange/hugo-PaperMod v0.0.0-20250928140428-6e10faefc871/go.mod h1:HCHxNMKYdGafUYjVV3ICiAqznZK2yH0iI53jqcDFDdQ=
github.com/adityatelange/hugo-PaperMod v0.0.0-20260411190257-f207ce6d5889 h1:61NKqdIVVkhAjh2jJtW02bWw24L9YYNbvYGBZCM1egA=
github.com/adityatelange/hugo-PaperMod v0.0.0-20260411190257-f207ce6d5889/go.mod h1:sp5WH671pzcVNpWKveBQKlBfu6T9uvcBI/4B3BSojKw=
